// !$*UTF8*$!
{
	archiveVersion = 1;
	classes = {
	};
	objectVersion = 46;
	objects = {

/* Begin PBXBuildFile section */
		AEF6DD121BDDB34F00182608 /* AppDelegate.swift in Sources */ = {isa = PBXBuildFile; fileRef = AEF6DD111BDDB34F00182608 /* AppDelegate.swift */; };
		AEF6DD171BDDB34F00182608 /* Main.storyboard in Resources */ = {isa = PBXBuildFile; fileRef = AEF6DD151BDDB34F00182608 /* Main.storyboard */; };
		AEF6DD191BDDB34F00182608 /* Assets.xcassets in Resources */ = {isa = PBXBuildFile; fileRef = AEF6DD181BDDB34F00182608 /* Assets.xcassets */; };
		AEF6DD1C1BDDB34F00182608 /* LaunchScreen.storyboard in Resources */ = {isa = PBXBuildFile; fileRef = AEF6DD1A1BDDB34F00182608 /* LaunchScreen.storyboard */; };
		AEF6DD271BDDB34F00182608 /* RateCTests.swift in Sources */ = {isa = PBXBuildFile; fileRef = AEF6DD261BDDB34F00182608 /* RateCTests.swift */; };
		AEF6DD321BDDB34F00182608 /* RateCUITests.swift in Sources */ = {isa = PBXBuildFile; fileRef = AEF6DD311BDDB34F00182608 /* RateCUITests.swift */; };
		AEF6DD401BDDB39900182608 /* CurrencyListTableViewController.swift in Sources */ = {isa = PBXBuildFile; fileRef = AEF6DD3F1BDDB39900182608 /* CurrencyListTableViewController.swift */; };
/* End PBXBuildFile section */

/* Begin PBXContainerItemProxy section */
		AEF6DD231BDDB34F00182608 /* PBXContainerItemProxy */ = {
			isa = PBXContainerItemProxy;
			containerPortal = AEF6DD061BDDB34F00182608 /* Project object */;
			proxyType = 1;
			remoteGlobalIDString = AEF6DD0D1BDDB34F00182608;
			remoteInfo = RateC;
		};
		AEF6DD2E1BDDB34F00182608 /* PBXContainerItemProxy */ = {
			isa = PBXContainerItemProxy;
			containerPortal = AEF6DD061BDDB34F00182608 /* Project object */;
			proxyType = 1;
			remoteGlobalIDString = AEF6DD0D1BDDB34F00182608;
			remoteInfo = RateC;
		};
/* End PBXContainerItemProxy section */

/* Begin PBXFileReference section */
		AEF6DD0E1BDDB34F00182608 /* RateC.app */ = {isa = PBXFileReference; explicitFileType = wrapper.application; includeInIndex = 0; path = RateC.app; sourceTree = BUILT_PRODUCTS_DIR; };
		AEF6DD111BDDB34F00182608 /* AppDelegate.swift */ = {isa = PBXFileReference; lastKnownFileType = sourcecode.swift; path = AppDelegate.swift; sourceTree = "<group>"; };
		AEF6DD161BDDB34F00182608 /* Base */ = {isa = PBXFileReference; lastKnownFileType = file.storyboard; name = Base; path = Base.lproj/Main.storyboard; sourceTree = "<group>"; };
		AEF6DD181BDDB34F00182608 /* Assets.xcassets */ = {isa = PBXFileReference; lastKnownFileType = folder.assetcatalog; path = Assets.xcassets; sourceTree = "<group>"; };
		AEF6DD1B1BDDB34F00182608 /* Base */ = {isa = PBXFileReference; lastKnownFileType = file.storyboard; name = Base; path = Base.lproj/LaunchScreen.storyboard; sourceTree = "<group>"; };
		AEF6DD1D1BDDB34F00182608 /* Info.plist */ = {isa = PBXFileReference; lastKnownFileType = text.plist.xml; path = Info.plist; sourceTree = "<group>"; };
		AEF6DD221BDDB34F00182608 /* RateCTests.xctest */ = {isa = PBXFileReference; explicitFileType = wrapper.cfbundle; includeInIndex = 0; path = RateCTests.xctest; sourceTree = BUILT_PRODUCTS_DIR; };
		AEF6DD261BDDB34F00182608 /* RateCTests.swift */ = {isa = PBXFileReference; lastKnownFileType = sourcecode.swift; path = RateCTests.swift; sourceTree = "<group>"; };
		AEF6DD281BDDB34F00182608 /* Info.plist */ = {isa = PBXFileReference; lastKnownFileType = text.plist.xml; path = Info.plist; sourceTree = "<group>"; };
		AEF6DD2D1BDDB34F00182608 /* RateCUITests.xctest */ = {isa = PBXFileReference; explicitFileType = wrapper.cfbundle; includeInIndex = 0; path = RateCUITests.xctest; sourceTree = BUILT_PRODUCTS_DIR; };
		AEF6DD311BDDB34F00182608 /* RateCUITests.swift */ = {isa = PBXFileReference; lastKnownFileType = sourcecode.swift; path = RateCUITests.swift; sourceTree = "<group>"; };
		AEF6DD331BDDB34F00182608 /* Info.plist */ = {isa = PBXFileReference; lastKnownFileType = text.plist.xml; path = Info.plist; sourceTree = "<group>"; };
		AEF6DD3F1BDDB39900182608 /* CurrencyListTableViewController.swift */ = {isa = PBXFileReference; fileEncoding = 4; lastKnownFileType = sourcecode.swift; path = CurrencyListTableViewController.swift; sourceTree = "<group>"; };
/* End PBXFileReference section */

/* Begin PBXFrameworksBuildPhase section */
		AEF6DD0B1BDDB34F00182608 /* Frameworks */ = {
			isa = PBXFrameworksBuildPhase;
			buildActionMask = 2147483647;
			files = (
			);
			runOnlyForDeploymentPostprocessing = 0;
		};
		AEF6DD1F1BDDB34F00182608 /* Frameworks */ = {
			isa = PBXFrameworksBuildPhase;
			buildActionMask = 2147483647;
			files = (
			);
			runOnlyForDeploymentPostprocessing = 0;
		};
		AEF6DD2A1BDDB34F00182608 /* Frameworks */ = {
			isa = PBXFrameworksBuildPhase;
			buildActionMask = 2147483647;
			files = (
			);
			runOnlyForDeploymentPostprocessing = 0;
		};
/* End PBXFrameworksBuildPhase section */

/* Begin PBXGroup section */
		AEF6DD051BDDB34F00182608 = {
			isa = PBXGroup;
			children = (
				AEF6DD101BDDB34F00182608 /* RateC */,
				AEF6DD251BDDB34F00182608 /* RateCTests */,
				AEF6DD301BDDB34F00182608 /* RateCUITests */,
				AEF6DD0F1BDDB34F00182608 /* Products */,
			);
			sourceTree = "<group>";
		};
		AEF6DD0F1BDDB34F00182608 /* Products */ = {
			isa = PBXGroup;
			children = (
				AEF6DD0E1BDDB34F00182608 /* RateC.app */,
				AEF6DD221BDDB34F00182608 /* RateCTests.xctest */,
				AEF6DD2D1BDDB34F00182608 /* RateCUITests.xctest */,
			);
			name = Products;
			sourceTree = "<group>";
		};
		AEF6DD101BDDB34F00182608 /* RateC */ = {
			isa = PBXGroup;
			children = (
				AEF6DD111BDDB34F00182608 /* AppDelegate.swift */,
				AEF6DD421BDDB3A900182608 /* Controller */,
				AEF6DD411BDDB3A300182608 /* View */,
				AEF6DD1D1BDDB34F00182608 /* Info.plist */,
			);
			path = RateC;
			sourceTree = "<group>";
		};
		AEF6DD251BDDB34F00182608 /* RateCTests */ = {
			isa = PBXGroup;
			children = (
				AEF6DD261BDDB34F00182608 /* RateCTests.swift */,
				AEF6DD281BDDB34F00182608 /* Info.plist */,
			);
			path = RateCTests;
			sourceTree = "<group>";
		};
		AEF6DD301BDDB34F00182608 /* RateCUITests */ = {
			isa = PBXGroup;
			children = (
				AEF6DD311BDDB34F00182608 /* RateCUITests.swift */,
				AEF6DD331BDDB34F00182608 /* Info.plist */,
			);
			path = RateCUITests;
			sourceTree = "<group>";
		};
		AEF6DD411BDDB3A300182608 /* View */ = {
			isa = PBXGroup;
			children = (
				AEF6DD151BDDB34F00182608 /* Main.storyboard */,
				AEF6DD181BDDB34F00182608 /* Assets.xcassets */,
				AEF6DD1A1BDDB34F00182608 /* LaunchScreen.storyboard */,
			);
			name = View;
			sourceTree = "<group>";
		};
		AEF6DD421BDDB3A900182608 /* Controller */ = {
			isa = PBXGroup;
			children = (
				AEF6DD3F1BDDB39900182608 /* CurrencyListTableViewController.swift */,
			);
			name = Controller;
			sourceTree = "<group>";
		};
/* End PBXGroup section */

/* Begin PBXNativeTarget section */
		AEF6DD0D1BDDB34F00182608 /* RateC */ = {
			isa = PBXNativeTarget;
			buildConfigurationList = AEF6DD361BDDB34F00182608 /* Build configuration list for PBXNativeTarget "RateC" */;
			buildPhases = (
				AEF6DD0A1BDDB34F00182608 /* Sources */,
				AEF6DD0B1BDDB34F00182608 /* Frameworks */,
				AEF6DD0C1BDDB34F00182608 /* Resources */,
			);
			buildRules = (
			);
			dependencies = (
			);
			name = RateC;
			productName = RateC;
			productReference = AEF6DD0E1BDDB34F00182608 /* RateC.app */;
			productType = "com.apple.product-type.application";
		};
		AEF6DD211BDDB34F00182608 /* RateCTests */ = {
			isa = PBXNativeTarget;
			buildConfigurationList = AEF6DD391BDDB34F00182608 /* Build configuration list for PBXNativeTarget "RateCTests" */;
			buildPhases = (
				AEF6DD1E1BDDB34F00182608 /* Sources */,
				AEF6DD1F1BDDB34F00182608 /* Frameworks */,
				AEF6DD201BDDB34F00182608 /* Resources */,
			);
			buildRules = (
			);
			dependencies = (
				AEF6DD241BDDB34F00182608 /* PBXTargetDependency */,
			);
			name = RateCTests;
			productName = RateCTests;
			productReference = AEF6DD221BDDB34F00182608 /* RateCTests.xctest */;
			productType = "com.apple.product-type.bundle.unit-test";
		};
		AEF6DD2C1BDDB34F00182608 /* RateCUITests */ = {
			isa = PBXNativeTarget;
			buildConfigurationList = AEF6DD3C1BDDB34F00182608 /* Build configuration list for PBXNativeTarget "RateCUITests" */;
			buildPhases = (
				AEF6DD291BDDB34F00182608 /* Sources */,
				AEF6DD2A1BDDB34F00182608 /* Frameworks */,
				AEF6DD2B1BDDB34F00182608 /* Resources */,
			);
			buildRules = (
			);
			dependencies = (
				AEF6DD2F1BDDB34F00182608 /* PBXTargetDependency */,
			);
			name = RateCUITests;
			productName = RateCUITests;
			productReference = AEF6DD2D1BDDB34F00182608 /* RateCUITests.xctest */;
			productType = "com.apple.product-type.bundle.ui-testing";
		};
/* End PBXNativeTarget section */

/* Begin PBXProject section */
		AEF6DD061BDDB34F00182608 /* Project object */ = {
			isa = PBXProject;
			attributes = {
				LastSwiftUpdateCheck = 0710;
				LastUpgradeCheck = 0710;
				ORGANIZATIONNAME = "Yin Hua";
				TargetAttributes = {
					AEF6DD0D1BDDB34F00182608 = {
						CreatedOnToolsVersion = 7.1;
					};
					AEF6DD211BDDB34F00182608 = {
						CreatedOnToolsVersion = 7.1;
						TestTargetID = AEF6DD0D1BDDB34F00182608;
					};
					AEF6DD2C1BDDB34F00182608 = {
						CreatedOnToolsVersion = 7.1;
						TestTargetID = AEF6DD0D1BDDB34F00182608;
					};
				};
			};
			buildConfigurationList = AEF6DD091BDDB34F00182608 /* Build configuration list for PBXProject "RateC" */;
			compatibilityVersion = "Xcode 3.2";
			developmentRegion = English;
			hasScannedForEncodings = 0;
			knownRegions = (
				en,
				Base,
			);
			mainGroup = AEF6DD051BDDB34F00182608;
			productRefGroup = AEF6DD0F1BDDB34F00182608 /* Products */;
			projectDirPath = "";
			projectRoot = "";
			targets = (
				AEF6DD0D1BDDB34F00182608 /* RateC */,
				AEF6DD211BDDB34F00182608 /* RateCTests */,
				AEF6DD2C1BDDB34F00182608 /* RateCUITests */,
			);
		};
/* End PBXProject section */

/* Begin PBXResourcesBuildPhase section */
		AEF6DD0C1BDDB34F00182608 /* Resources */ = {
			isa = PBXResourcesBuildPhase;
			buildActionMask = 2147483647;
			files = (
				AEF6DD1C1BDDB34F00182608 /* LaunchScreen.storyboard in Resources */,
				AEF6DD191BDDB34F00182608 /* Assets.xcassets in Resources */,
				AEF6DD171BDDB34F00182608 /* Main.storyboard in Resources */,
			);
			runOnlyForDeploymentPostprocessing = 0;
		};
		AEF6DD201BDDB34F00182608 /* Resources */ = {
			isa = PBXResourcesBuildPhase;
			buildActionMask = 2147483647;
			files = (
			);
			runOnlyForDeploymentPostprocessing = 0;
		};
		AEF6DD2B1BDDB34F00182608 /* Resources */ = {
			isa = PBXResourcesBuildPhase;
			buildActionMask = 2147483647;
			files = (
			);
			runOnlyForDeploymentPostprocessing = 0;
		};
/* End PBXResourcesBuildPhase section */

/* Begin PBXSourcesBuildPhase section */
		AEF6DD0A1BDDB34F00182608 /* Sources */ = {
			isa = PBXSourcesBuildPhase;
			buildActionMask = 2147483647;
			files = (
				AEF6DD401BDDB39900182608 /* CurrencyListTableViewController.swift in Sources */,
				AEF6DD121BDDB34F00182608 /* AppDelegate.swift in Sources */,
			);
			runOnlyForDeploymentPostprocessing = 0;
		};
		AEF6DD1E1BDDB34F00182608 /* Sources */ = {
			isa = PBXSourcesBuildPhase;
			buildActionMask = 2147483647;
			files = (
				AEF6DD271BDDB34F00182608 /* RateCTests.swift in Sources */,
			);
			runOnlyForDeploymentPostprocessing = 0;
		};
		AEF6DD291BDDB34F00182608 /* Sources */ = {
			isa = PBXSourcesBuildPhase;
			buildActionMask = 2147483647;
			files = (
				AEF6DD321BDDB34F00182608 /* RateCUITests.swift in Sources */,
			);
			runOnlyForDeploymentPostprocessing = 0;
		};
/* End PBXSourcesBuildPhase section */

/* Begin PBXTargetDependency section */
		AEF6DD241BDDB34F00182608 /* PBXTargetDependency */ = {
			isa = PBXTargetDependency;
			target = AEF6DD0D1BDDB34F00182608 /* RateC */;
			targetProxy = AEF6DD231BDDB34F00182608 /* PBXContainerItemProxy */;
		};
		AEF6DD2F1BDDB34F00182608 /* PBXTargetDependency */ = {
			isa = PBXTargetDependency;
			target = AEF6DD0D1BDDB34F00182608 /* RateC */;
			targetProxy = AEF6DD2E1BDDB34F00182608 /* PBXContainerItemProxy */;
		};
/* End PBXTargetDependency section */

/* Begin PBXVariantGroup section */
		AEF6DD151BDDB34F00182608 /* Main.storyboard */ = {
			isa = PBXVariantGroup;
			children = (
				AEF6DD161BDDB34F00182608 /* Base */,
			);
			name = Main.storyboard;
			sourceTree = "<group>";
		};
		AEF6DD1A1BDDB34F00182608 /* LaunchScreen.storyboard */ = {
			isa = PBXVariantGroup;
			children = (
				AEF6DD1B1BDDB34F00182608 /* Base */,
			);
			name = LaunchScreen.storyboard;
			sourceTree = "<group>";
		};
/* End PBXVariantGroup section */

/* Begin XCBuildConfiguration section */
		AEF6DD341BDDB34F00182608 /* Debug */ = {
			isa = XCBuildConfiguration;
			buildSettings = {
				ALWAYS_SEARCH_USER_PATHS = NO;
				CLANG_CXX_LANGUAGE_STANDARD = "gnu++0x";
				CLANG_CXX_LIBRARY = "libc++";
				CLANG_ENABLE_MODULES = YES;
				CLANG_ENABLE_OBJC_ARC = YES;
				CLANG_WARN_BOOL_CONVERSION = YES;
				CLANG_WARN_CONSTANT_CONVERSION = YES;
				CLANG_WARN_DIRECT_OBJC_ISA_USAGE = YES_ERROR;
				CLANG_WARN_EMPTY_BODY = YES;
				CLANG_WARN_ENUM_CONVERSION = YES;
				CLANG_WARN_INT_CONVERSION = YES;
				CLANG_WARN_OBJC_ROOT_CLASS = YES_ERROR;
				CLANG_WARN_UNREACHABLE_CODE = YES;
				CLANG_WARN__DUPLICATE_METHOD_MATCH = YES;
				"CODE_SIGN_IDENTITY[sdk=iphoneos*]" = "iPhone Developer";
				COPY_PHASE_STRIP = NO;
				DEBUG_INFORMATION_FORMAT = dwarf;
				ENABLE_STRICT_OBJC_MSGSEND = YES;
				ENABLE_TESTABILITY = YES;
				GCC_C_LANGUAGE_STANDARD = gnu99;
				GCC_DYNAMIC_NO_PIC = NO;
				GCC_NO_COMMON_BLOCKS = YES;
				GCC_OPTIMIZATION_LEVEL = 0;
				GCC_PREPROCESSOR_DEFINITIONS = (
					"DEBUG=1",
					"$(inherited)",
				);
				GCC_WARN_64_TO_32_BIT_CONVERSION = YES;
				GCC_WARN_ABOUT_RETURN_TYPE = YES_ERROR;
				GCC_WARN_UNDECLARED_SELECTOR = YES;
				GCC_WARN_UNINITIALIZED_AUTOS = YES_AGGRESSIVE;
				GCC_WARN_UNUSED_FUNCTION = YES;
				GCC_WARN_UNUSED_VARIABLE = YES;
				IPHONEOS_DEPLOYMENT_TARGET = 9.1;
				MTL_ENABLE_DEBUG_INFO = YES;
				ONLY_ACTIVE_ARCH = YES;
				SDKROOT = iphoneos;
				SWIFT_OPTIMIZATION_LEVEL = "-Onone";
			};
			name = Debug;
		};
		AEF6DD351BDDB34F00182608 /* Release */ = {
			isa = XCBuildConfiguration;
			buildSettings = {
				ALWAYS_SEARCH_USER_PATHS = NO;
				CLANG_CXX_LANGUAGE_STANDARD = "gnu++0x";
				CLANG_CXX_LIBRARY = "libc++";
				CLANG_ENABLE_MODULES = YES;
				CLANG_ENABLE_OBJC_ARC = YES;
				CLANG_WARN_BOOL_CONVERSION = YES;
				CLANG_WARN_CONSTANT_CONVERSION = YES;
				CLANG_WARN_DIRECT_OBJC_ISA_USAGE = YES_ERROR;
				CLANG_WARN_EMPTY_BODY = YES;
				CLANG_WARN_ENUM_CONVERSION = YES;
				CLANG_WARN_INT_CONVERSION = YES;
				CLANG_WARN_OBJC_ROOT_CLASS = YES_ERROR;
				CLANG_WARN_UNREACHABLE_CODE = YES;
				CLANG_WARN__DUPLICATE_METHOD_MATCH = YES;
				"CODE_SIGN_IDENTITY[sdk=iphoneos*]" = "iPhone Developer";
				COPY_PHASE_STRIP = NO;
				DEBUG_INFORMATION_FORMAT = "dwarf-with-dsym";
				ENABLE_NS_ASSERTIONS = NO;
				ENABLE_STRICT_OBJC_MSGSEND = YES;
				GCC_C_LANGUAGE_STANDARD = gnu99;
				GCC_NO_COMMON_BLOCKS = YES;
				GCC_WARN_64_TO_32_BIT_CONVERSION = YES;
				GCC_WARN_ABOUT_RETURN_TYPE = YES_ERROR;
				GCC_WARN_UNDECLARED_SELECTOR = YES;
				GCC_WARN_UNINITIALIZED_AUTOS = YES_AGGRESSIVE;
				GCC_WARN_UNUSED_FUNCTION = YES;
				GCC_WARN_UNUSED_VARIABLE = YES;
				IPHONEOS_DEPLOYMENT_TARGET = 9.1;
				MTL_ENABLE_DEBUG_INFO = NO;
				SDKROOT = iphoneos;
				VALIDATE_PRODUCT = YES;
			};
			name = Release;
		};
		AEF6DD371BDDB34F00182608 /* Debug */ = {
			isa = XCBuildConfiguration;
			buildSettings = {
				ASSETCATALOG_COMPILER_APPICON_NAME = AppIcon;
				INFOPLIST_FILE = RateC/Info.plist;
				LD_RUNPATH_SEARCH_PATHS = "$(inherited) @executable_path/Frameworks";
				PRODUCT_BUNDLE_IDENTIFIER = YinHua.RateC;
				PRODUCT_NAME = "$(TARGET_NAME)";
			};
			name = Debug;
		};
		AEF6DD381BDDB34F00182608 /* Release */ = {
			isa = XCBuildConfiguration;
			buildSettings = {
				ASSETCATALOG_COMPILER_APPICON_NAME = AppIcon;
				INFOPLIST_FILE = RateC/Info.plist;
				LD_RUNPATH_SEARCH_PATHS = "$(inherited) @executable_path/Frameworks";
				PRODUCT_BUNDLE_IDENTIFIER = YinHua.RateC;
				PRODUCT_NAME = "$(TARGET_NAME)";
			};
			name = Release;
		};
		AEF6DD3A1BDDB34F00182608 /* Debug */ = {
			isa = XCBuildConfiguration;
			buildSettings = {
				BUNDLE_LOADER = "$(TEST_HOST)";
				INFOPLIST_FILE = RateCTests/Info.plist;
				LD_RUNPATH_SEARCH_PATHS = "$(inherited) @executable_path/Frameworks @loader_path/Frameworks";
				PRODUCT_BUNDLE_IDENTIFIER = YinHua.RateCTests;
				PRODUCT_NAME = "$(TARGET_NAME)";
				TEST_HOST = "$(BUILT_PRODUCTS_DIR)/RateC.app/RateC";
			};
			name = Debug;
		};
		AEF6DD3B1BDDB34F00182608 /* Release */ = {
			isa = XCBuildConfiguration;
			buildSettings = {
				BUNDLE_LOADER = "$(TEST_HOST)";
				INFOPLIST_FILE = RateCTests/Info.plist;
				LD_RUNPATH_SEARCH_PATHS = "$(inherited) @executable_path/Frameworks @loader_path/Frameworks";
				PRODUCT_BUNDLE_IDENTIFIER = YinHua.RateCTests;
				PRODUCT_NAME = "$(TARGET_NAME)";
				TEST_HOST = "$(BUILT_PRODUCTS_DIR)/RateC.app/RateC";
			};
			name = Release;
		};
		AEF6DD3D1BDDB34F00182608 /* Debug */ = {
			isa = XCBuildConfiguration;
			buildSettings = {
				INFOPLIST_FILE = RateCUITests/Info.plist;
				LD_RUNPATH_SEARCH_PATHS = "$(inherited) @executable_path/Frameworks @loader_path/Frameworks";
				PRODUCT_BUNDLE_IDENTIFIER = YinHua.RateCUITests;
				PRODUCT_NAME = "$(TARGET_NAME)";
				TEST_TARGET_NAME = RateC;
				USES_XCTRUNNER = YES;
			};
			name = Debug;
		};
		AEF6DD3E1BDDB34F00182608 /* Release */ = {
			isa = XCBuildConfiguration;
			buildSettings = {
				INFOPLIST_FILE = RateCUITests/Info.plist;
				LD_RUNPATH_SEARCH_PATHS = "$(inherited) @executable_path/Frameworks @loader_path/Frameworks";
				PRODUCT_BUNDLE_IDENTIFIER = YinHua.RateCUITests;
				PRODUCT_NAME = "$(TARGET_NAME)";
				TEST_TARGET_NAME = RateC;
				USES_XCTRUNNER = YES;
			};
			name = Release;
		};
/* End XCBuildConfiguration section */

/* Begin XCConfigurationList section */
		AEF6DD091BDDB34F00182608 /* Build configuration list for PBXProject "RateC" */ = {
			isa = XCConfigurationList;
			buildConfigurations = (
				AEF6DD341BDDB34F00182608 /* Debug */,
				AEF6DD351BDDB34F00182608 /* Release */,
			);
			defaultConfigurationIsVisible = 0;
			defaultConfigurationName = Release;
		};
		AEF6DD361BDDB34F00182608 /* Build configuration list for PBXNativeTarget "RateC" */ = {
			isa = XCConfigurationList;
			buildConfigurations = (
				AEF6DD371BDDB34F00182608 /* Debug */,
				AEF6DD381BDDB34F00182608 /* Release */,
			);
			defaultConfigurationIsVisible = 0;
		};
		AEF6DD391BDDB34F00182608 /* Build configuration list for PBXNativeTarget "RateCTests" */ = {
			isa = XCConfigurationList;
			buildConfigurations = (
				AEF6DD3A1BDDB34F00182608 /* Debug */,
				AEF6DD3B1BDDB34F00182608 /* Release */,
			);
			defaultConfigurationIsVisible = 0;
		};
		AEF6DD3C1BDDB34F00182608 /* Build configuration list for PBXNativeTarget "RateCUITests" */ = {
			isa = XCConfigurationList;
			buildConfigurations = (
				AEF6DD3D1BDDB34F00182608 /* Debug */,
				AEF6DD3E1BDDB34F00182608 /* Release */,
			);
			defaultConfigurationIsVisible = 0;
		};
/* End XCConfigurationList section */
	};
	rootObject = AEF6DD061BDDB34F00182608 /* Project object */;
}
